
Microsoft Visual Studio Solution File, Format Version 12.00
# Visual Studio Version 17
VisualStudioVersion = 17.0.31903.59
MinimumVisualStudioVersion = 10.0.40219.1
Project("{2150E333-8FDC-42A3-9474-1A3956D46DE8}") = "Plugins.MAN_CIR", "Plugins.MAN_CIR", "{8A792252-8CEE-F639-D9C8-58B9FA7F5057}"
EndProject
Project("{FAE04EC0-301F-11D3-BF4B-00C04F79EFBC}") = "RRDA.Plugins.MAN_CIR", "Plugins.MAN_CIR\RRDA.Plugins.MAN_CIR.csproj", "{501FFB59-A64B-4C32-B3A2-347F9C263615}"
EndProject
Project("{FAE04EC0-301F-11D3-BF4B-00C04F79EFBC}") = "RRDA.Core", "RRDA.Core\RRDA.Core.csproj", "{9FE23FE2-EFB9-4FA6-8BC3-9ABB97559855}"
EndProject
Project("{FAE04EC0-301F-11D3-BF4B-00C04F79EFBC}") = "RRDA.Plugins.Common", "RRDA.Plugins.Common\RRDA.Plugins.Common.csproj", "{E5D8A462-748D-4EE3-9503-2DBE00568E34}"
EndProject
Project("{FAE04EC0-301F-11D3-BF4B-00C04F79EFBC}") = "RRDA.Data", "RRDA.Data\RRDA.Data.csproj", "{BE8031B7-01F3-4313-B1BF-75589B9959D5}"
EndProject
Project("{2150E333-8FDC-42A3-9474-1A3956D46DE8}") = "RRDA.Plugin.Dummy", "RRDA.Plugin.Dummy", "{D24C0BCC-E232-80CC-465B-9759E0BF6EC6}"
EndProject
Project("{FAE04EC0-301F-11D3-BF4B-00C04F79EFBC}") = "RRDA.Plugins.Dummy", "RRDA.Plugin.Dummy\RRDA.Plugins.Dummy.csproj", "{CDECA003-26E3-4435-AE15-AE452BBEC862}"
EndProject
Project("{FAE04EC0-301F-11D3-BF4B-00C04F79EFBC}") = "RRDA.Plugins.ALI", "RRDA.Plugins.ALI\RRDA.Plugins.ALI.csproj", "{4DC04F93-7B82-4EFC-A82D-9983E09253C6}"
EndProject
Project("{FAE04EC0-301F-11D3-BF4B-00C04F79EFBC}") = "RRDA.Plugins.ALI_CIR", "RRDA.Plugins.ALI_CIR\RRDA.Plugins.ALI_CIR.csproj", "{C35614A9-BD34-4338-A6BD-42A3B33A1CA2}"
EndProject
Project("{FAE04EC0-301F-11D3-BF4B-00C04F79EFBC}") = "RRDA.Plugins.DAS_054_3LIV", "RRDA.Plugins.DAS_054_3LIV\RRDA.Plugins.DAS_054_3LIV.csproj", "{54D9AF30-5833-40C8-87B3-4A0420DF90F3}"
EndProject
Project("{FAE04EC0-301F-11D3-BF4B-00C04F79EFBC}") = "RRDA.Plugins.DAS_054_3LIV_ACC", "RRDA.Plugins.DAS_054_3LIV_ACC\RRDA.Plugins.DAS_054_3LIV_ACC.csproj", "{DA516B49-84FF-4E66-92C2-9D38694845A6}"
EndProject
Project("{FAE04EC0-301F-11D3-BF4B-00C04F79EFBC}") = "RRDA.Plugins.DCDC_24TO12", "RRDA.Plugins.DCDC_24TO12\RRDA.Plugins.DCDC_24TO12.csproj", "{5D9C1629-C9BD-4E4D-8015-E8EDA5DA8338}"
EndProject
Project("{2150E333-8FDC-42A3-9474-1A3956D46DE8}") = "RRDA.Plugins.DIG", "RRDA.Plugins.DIG", "{ED24133C-67BB-D73E-43C4-A70982353975}"
EndProject
Project("{FAE04EC0-301F-11D3-BF4B-00C04F79EFBC}") = "RRDA.Plugins.DIG_5.0", "RRDA.Plugins.DIG\RRDA.Plugins.DIG_5.0.csproj", "{242E1D52-9B11-4251-8EFA-E1A431E7556C}"
EndProject
Project("{FAE04EC0-301F-11D3-BF4B-00C04F79EFBC}") = "RRDA.Plugins.DIG_3.1", "RRDA.Plugins.DIG_3.1\RRDA.Plugins.DIG_3.1.csproj", "{A2D7EBDF-EDB9-4C1B-A841-DAFAE704814B}"
EndProject
Project("{FAE04EC0-301F-11D3-BF4B-00C04F79EFBC}") = "RRDA.Plugins.DIG_PM", "RRDA.Plugins.DIG_PM\RRDA.Plugins.DIG_PM.csproj", "{8A67EE6F-0D8F-4896-B0AB-C2E51824CBB1}"
EndProject
Project("{FAE04EC0-301F-11D3-BF4B-00C04F79EFBC}") = "RRDA.Plugins.DRS_UDX_MAN", "RRDA.Plugins.DRS_UDX_MAN\RRDA.Plugins.DRS_UDX_MAN.csproj", "{4BB53AFE-3CEF-4E81-8F76-37427E17022F}"
EndProject
Project("{FAE04EC0-301F-11D3-BF4B-00C04F79EFBC}") = "RRDA.Plugins.DRX", "RRDA.Plugins.DRX\RRDA.Plugins.DRX.csproj", "{6A4C4406-95A2-47ED-98B3-A9940934D50C}"
EndProject
Project("{FAE04EC0-301F-11D3-BF4B-00C04F79EFBC}") = "RRDA.Plugins.MAN_2LIV", "RRDA.Plugins.MAN_2LIV\RRDA.Plugins.MAN_2LIV.csproj", "{A1982144-29A8-4B03-A789-F01D91A5E2C5}"
EndProject
Project("{FAE04EC0-301F-11D3-BF4B-00C04F79EFBC}") = "RRDA.Plugins.RCB", "RRDA.Plugins.RCB\RRDA.Plugins.RCB.csproj", "{DED7A24B-16DE-4067-80A5-12F87713B9CA}"
EndProject
Project("{FAE04EC0-301F-11D3-BF4B-00C04F79EFBC}") = "RRDA.Plugins.SBS", "RRDA.Plugins.SBS\RRDA.Plugins.SBS.csproj", "{75836DF8-B748-44BA-B8A7-8E730E26AF6F}"
EndProject
Project("{FAE04EC0-301F-11D3-BF4B-00C04F79EFBC}") = "RRDA.Plugins.SBX", "RRDA.Plugins.SBX\RRDA.Plugins.SBX.csproj", "{E40B480D-D0CE-43F3-9CF6-57BA734413DA}"
EndProject
Project("{FAE04EC0-301F-11D3-BF4B-00C04F79EFBC}") = "RRDA.Plugins.UDX", "RRDA.Plugins.UDX\RRDA.Plugins.UDX.csproj", "{EA097A9B-A9C6-4F5D-97F2-6577E2E0F726}"
EndProject
Project("{FAE04EC0-301F-11D3-BF4B-00C04F79EFBC}") = "RRDA.RepImp", "RRDA.RepImp\RRDA.RepImp.csproj", "{129CA4B9-1AE2-4FB8-9F1A-1537FEFBBC7C}"
EndProject
Project("{B7DD6F7E-DEF8-4E67-B5B7-07EF123DB6F0}") = "RRDA.RepImp.Setup", "RRDA.RepImp.Setup\RRDA.RepImp.Setup.wixproj", "{D4BDEF91-36EA-44C8-88E4-3366EC626E43}"
EndProject
Project("{FAE04EC0-301F-11D3-BF4B-00C04F79EFBC}") = "RRDA.Web", "RRDA.Web\RRDA.Web.csproj", "{8F167BD0-FFC8-4A45-9080-DD64372EBF92}"
EndProject
Global
	GlobalSection(SolutionConfigurationPlatforms) = preSolution
		Debug|Any CPU = Debug|Any CPU
		Debug|x64 = Debug|x64
		Debug|x86 = Debug|x86
		Release|Any CPU = Release|Any CPU
		Release|x64 = Release|x64
		Release|x86 = Release|x86
	EndGlobalSection
	GlobalSection(ProjectConfigurationPlatforms) = postSolution
		{501FFB59-A64B-4C32-B3A2-347F9C263615}.Debug|Any CPU.ActiveCfg = Debug|Any CPU
		{501FFB59-A64B-4C32-B3A2-347F9C263615}.Debug|Any CPU.Build.0 = Debug|Any CPU
		{501FFB59-A64B-4C32-B3A2-347F9C263615}.Debug|x64.ActiveCfg = Debug|Any CPU
		{501FFB59-A64B-4C32-B3A2-347F9C263615}.Debug|x64.Build.0 = Debug|Any CPU
		{501FFB59-A64B-4C32-B3A2-347F9C263615}.Debug|x86.ActiveCfg = Debug|Any CPU
		{501FFB59-A64B-4C32-B3A2-347F9C263615}.Debug|x86.Build.0 = Debug|Any CPU
		{501FFB59-A64B-4C32-B3A2-347F9C263615}.Release|Any CPU.ActiveCfg = Release|Any CPU
		{501FFB59-A64B-4C32-B3A2-347F9C263615}.Release|Any CPU.Build.0 = Release|Any CPU
		{501FFB59-A64B-4C32-B3A2-347F9C263615}.Release|x64.ActiveCfg = Release|Any CPU
		{501FFB59-A64B-4C32-B3A2-347F9C263615}.Release|x64.Build.0 = Release|Any CPU
		{501FFB59-A64B-4C32-B3A2-347F9C263615}.Release|x86.ActiveCfg = Release|Any CPU
		{501FFB59-A64B-4C32-B3A2-347F9C263615}.Release|x86.Build.0 = Release|Any CPU
		{9FE23FE2-EFB9-4FA6-8BC3-9ABB97559855}.Debug|Any CPU.ActiveCfg = Debug|Any CPU
		{9FE23FE2-EFB9-4FA6-8BC3-9ABB97559855}.Debug|Any CPU.Build.0 = Debug|Any CPU
		{9FE23FE2-EFB9-4FA6-8BC3-9ABB97559855}.Debug|x64.ActiveCfg = Debug|Any CPU
		{9FE23FE2-EFB9-4FA6-8BC3-9ABB97559855}.Debug|x64.Build.0 = Debug|Any CPU
		{9FE23FE2-EFB9-4FA6-8BC3-9ABB97559855}.Debug|x86.ActiveCfg = Debug|Any CPU
		{9FE23FE2-EFB9-4FA6-8BC3-9ABB97559855}.Debug|x86.Build.0 = Debug|Any CPU
		{9FE23FE2-EFB9-4FA6-8BC3-9ABB97559855}.Release|Any CPU.ActiveCfg = Release|Any CPU
		{9FE23FE2-EFB9-4FA6-8BC3-9ABB97559855}.Release|Any CPU.Build.0 = Release|Any CPU
		{9FE23FE2-EFB9-4FA6-8BC3-9ABB97559855}.Release|x64.ActiveCfg = Release|Any CPU
		{9FE23FE2-EFB9-4FA6-8BC3-9ABB97559855}.Release|x64.Build.0 = Release|Any CPU
		{9FE23FE2-EFB9-4FA6-8BC3-9ABB97559855}.Release|x86.ActiveCfg = Release|Any CPU
		{9FE23FE2-EFB9-4FA6-8BC3-9ABB97559855}.Release|x86.Build.0 = Release|Any CPU
		{E5D8A462-748D-4EE3-9503-2DBE00568E34}.Debug|Any CPU.ActiveCfg = Debug|Any CPU
		{E5D8A462-748D-4EE3-9503-2DBE00568E34}.Debug|Any CPU.Build.0 = Debug|Any CPU
		{E5D8A462-748D-4EE3-9503-2DBE00568E34}.Debug|x64.ActiveCfg = Debug|Any CPU
		{E5D8A462-748D-4EE3-9503-2DBE00568E34}.Debug|x64.Build.0 = Debug|Any CPU
		{E5D8A462-748D-4EE3-9503-2DBE00568E34}.Debug|x86.ActiveCfg = Debug|Any CPU
		{E5D8A462-748D-4EE3-9503-2DBE00568E34}.Debug|x86.Build.0 = Debug|Any CPU
		{E5D8A462-748D-4EE3-9503-2DBE00568E34}.Release|Any CPU.ActiveCfg = Release|Any CPU
		{E5D8A462-748D-4EE3-9503-2DBE00568E34}.Release|Any CPU.Build.0 = Release|Any CPU
		{E5D8A462-748D-4EE3-9503-2DBE00568E34}.Release|x64.ActiveCfg = Release|Any CPU
		{E5D8A462-748D-4EE3-9503-2DBE00568E34}.Release|x64.Build.0 = Release|Any CPU
		{E5D8A462-748D-4EE3-9503-2DBE00568E34}.Release|x86.ActiveCfg = Release|Any CPU
		{E5D8A462-748D-4EE3-9503-2DBE00568E34}.Release|x86.Build.0 = Release|Any CPU
		{BE8031B7-01F3-4313-B1BF-75589B9959D5}.Debug|Any CPU.ActiveCfg = Debug|Any CPU
		{BE8031B7-01F3-4313-B1BF-75589B9959D5}.Debug|Any CPU.Build.0 = Debug|Any CPU
		{BE8031B7-01F3-4313-B1BF-75589B9959D5}.Debug|x64.ActiveCfg = Debug|Any CPU
		{BE8031B7-01F3-4313-B1BF-75589B9959D5}.Debug|x64.Build.0 = Debug|Any CPU
		{BE8031B7-01F3-4313-B1BF-75589B9959D5}.Debug|x86.ActiveCfg = Debug|Any CPU
		{BE8031B7-01F3-4313-B1BF-75589B9959D5}.Debug|x86.Build.0 = Debug|Any CPU
		{BE8031B7-01F3-4313-B1BF-75589B9959D5}.Release|Any CPU.ActiveCfg = Release|Any CPU
		{BE8031B7-01F3-4313-B1BF-75589B9959D5}.Release|Any CPU.Build.0 = Release|Any CPU
		{BE8031B7-01F3-4313-B1BF-75589B9959D5}.Release|x64.ActiveCfg = Release|Any CPU
		{BE8031B7-01F3-4313-B1BF-75589B9959D5}.Release|x64.Build.0 = Release|Any CPU
		{BE8031B7-01F3-4313-B1BF-75589B9959D5}.Release|x86.ActiveCfg = Release|Any CPU
		{BE8031B7-01F3-4313-B1BF-75589B9959D5}.Release|x86.Build.0 = Release|Any CPU
		{CDECA003-26E3-4435-AE15-AE452BBEC862}.Debug|Any CPU.ActiveCfg = Debug|Any CPU
		{CDECA003-26E3-4435-AE15-AE452BBEC862}.Debug|Any CPU.Build.0 = Debug|Any CPU
		{CDECA003-26E3-4435-AE15-AE452BBEC862}.Debug|x64.ActiveCfg = Debug|Any CPU
		{CDECA003-26E3-4435-AE15-AE452BBEC862}.Debug|x64.Build.0 = Debug|Any CPU
		{CDECA003-26E3-4435-AE15-AE452BBEC862}.Debug|x86.ActiveCfg = Debug|Any CPU
		{CDECA003-26E3-4435-AE15-AE452BBEC862}.Debug|x86.Build.0 = Debug|Any CPU
		{CDECA003-26E3-4435-AE15-AE452BBEC862}.Release|Any CPU.ActiveCfg = Release|Any CPU
		{CDECA003-26E3-4435-AE15-AE452BBEC862}.Release|Any CPU.Build.0 = Release|Any CPU
		{CDECA003-26E3-4435-AE15-AE452BBEC862}.Release|x64.ActiveCfg = Release|Any CPU
		{CDECA003-26E3-4435-AE15-AE452BBEC862}.Release|x64.Build.0 = Release|Any CPU
		{CDECA003-26E3-4435-AE15-AE452BBEC862}.Release|x86.ActiveCfg = Release|Any CPU
		{CDECA003-26E3-4435-AE15-AE452BBEC862}.Release|x86.Build.0 = Release|Any CPU
		{4DC04F93-7B82-4EFC-A82D-9983E09253C6}.Debug|Any CPU.ActiveCfg = Debug|Any CPU
		{4DC04F93-7B82-4EFC-A82D-9983E09253C6}.Debug|Any CPU.Build.0 = Debug|Any CPU
		{4DC04F93-7B82-4EFC-A82D-9983E09253C6}.Debug|x64.ActiveCfg = Debug|Any CPU
		{4DC04F93-7B82-4EFC-A82D-9983E09253C6}.Debug|x64.Build.0 = Debug|Any CPU
		{4DC04F93-7B82-4EFC-A82D-9983E09253C6}.Debug|x86.ActiveCfg = Debug|Any CPU
		{4DC04F93-7B82-4EFC-A82D-9983E09253C6}.Debug|x86.Build.0 = Debug|Any CPU
		{4DC04F93-7B82-4EFC-A82D-9983E09253C6}.Release|Any CPU.ActiveCfg = Release|Any CPU
		{4DC04F93-7B82-4EFC-A82D-9983E09253C6}.Release|Any CPU.Build.0 = Release|Any CPU
		{4DC04F93-7B82-4EFC-A82D-9983E09253C6}.Release|x64.ActiveCfg = Release|Any CPU
		{4DC04F93-7B82-4EFC-A82D-9983E09253C6}.Release|x64.Build.0 = Release|Any CPU
		{4DC04F93-7B82-4EFC-A82D-9983E09253C6}.Release|x86.ActiveCfg = Release|Any CPU
		{4DC04F93-7B82-4EFC-A82D-9983E09253C6}.Release|x86.Build.0 = Release|Any CPU
		{C35614A9-BD34-4338-A6BD-42A3B33A1CA2}.Debug|Any CPU.ActiveCfg = Debug|Any CPU
		{C35614A9-BD34-4338-A6BD-42A3B33A1CA2}.Debug|Any CPU.Build.0 = Debug|Any CPU
		{C35614A9-BD34-4338-A6BD-42A3B33A1CA2}.Debug|x64.ActiveCfg = Debug|Any CPU
		{C35614A9-BD34-4338-A6BD-42A3B33A1CA2}.Debug|x64.Build.0 = Debug|Any CPU
		{C35614A9-BD34-4338-A6BD-42A3B33A1CA2}.Debug|x86.ActiveCfg = Debug|Any CPU
		{C35614A9-BD34-4338-A6BD-42A3B33A1CA2}.Debug|x86.Build.0 = Debug|Any CPU
		{C35614A9-BD34-4338-A6BD-42A3B33A1CA2}.Release|Any CPU.ActiveCfg = Release|Any CPU
		{C35614A9-BD34-4338-A6BD-42A3B33A1CA2}.Release|Any CPU.Build.0 = Release|Any CPU
		{C35614A9-BD34-4338-A6BD-42A3B33A1CA2}.Release|x64.ActiveCfg = Release|Any CPU
		{C35614A9-BD34-4338-A6BD-42A3B33A1CA2}.Release|x64.Build.0 = Release|Any CPU
		{C35614A9-BD34-4338-A6BD-42A3B33A1CA2}.Release|x86.ActiveCfg = Release|Any CPU
		{C35614A9-BD34-4338-A6BD-42A3B33A1CA2}.Release|x86.Build.0 = Release|Any CPU
		{54D9AF30-5833-40C8-87B3-4A0420DF90F3}.Debug|Any CPU.ActiveCfg = Debug|Any CPU
		{54D9AF30-5833-40C8-87B3-4A0420DF90F3}.Debug|Any CPU.Build.0 = Debug|Any CPU
		{54D9AF30-5833-40C8-87B3-4A0420DF90F3}.Debug|x64.ActiveCfg = Debug|Any CPU
		{54D9AF30-5833-40C8-87B3-4A0420DF90F3}.Debug|x64.Build.0 = Debug|Any CPU
		{54D9AF30-5833-40C8-87B3-4A0420DF90F3}.Debug|x86.ActiveCfg = Debug|Any CPU
		{54D9AF30-5833-40C8-87B3-4A0420DF90F3}.Debug|x86.Build.0 = Debug|Any CPU
		{54D9AF30-5833-40C8-87B3-4A0420DF90F3}.Release|Any CPU.ActiveCfg = Release|Any CPU
		{54D9AF30-5833-40C8-87B3-4A0420DF90F3}.Release|Any CPU.Build.0 = Release|Any CPU
		{54D9AF30-5833-40C8-87B3-4A0420DF90F3}.Release|x64.ActiveCfg = Release|Any CPU
		{54D9AF30-5833-40C8-87B3-4A0420DF90F3}.Release|x64.Build.0 = Release|Any CPU
		{54D9AF30-5833-40C8-87B3-4A0420DF90F3}.Release|x86.ActiveCfg = Release|Any CPU
		{54D9AF30-5833-40C8-87B3-4A0420DF90F3}.Release|x86.Build.0 = Release|Any CPU
		{DA516B49-84FF-4E66-92C2-9D38694845A6}.Debug|Any CPU.ActiveCfg = Debug|Any CPU
		{DA516B49-84FF-4E66-92C2-9D38694845A6}.Debug|Any CPU.Build.0 = Debug|Any CPU
		{DA516B49-84FF-4E66-92C2-9D38694845A6}.Debug|x64.ActiveCfg = Debug|Any CPU
		{DA516B49-84FF-4E66-92C2-9D38694845A6}.Debug|x64.Build.0 = Debug|Any CPU
		{DA516B49-84FF-4E66-92C2-9D38694845A6}.Debug|x86.ActiveCfg = Debug|Any CPU
		{DA516B49-84FF-4E66-92C2-9D38694845A6}.Debug|x86.Build.0 = Debug|Any CPU
		{DA516B49-84FF-4E66-92C2-9D38694845A6}.Release|Any CPU.ActiveCfg = Release|Any CPU
		{DA516B49-84FF-4E66-92C2-9D38694845A6}.Release|Any CPU.Build.0 = Release|Any CPU
		{DA516B49-84FF-4E66-92C2-9D38694845A6}.Release|x64.ActiveCfg = Release|Any CPU
		{DA516B49-84FF-4E66-92C2-9D38694845A6}.Release|x64.Build.0 = Release|Any CPU
		{DA516B49-84FF-4E66-92C2-9D38694845A6}.Release|x86.ActiveCfg = Release|Any CPU
		{DA516B49-84FF-4E66-92C2-9D38694845A6}.Release|x86.Build.0 = Release|Any CPU
		{5D9C1629-C9BD-4E4D-8015-E8EDA5DA8338}.Debug|Any CPU.ActiveCfg = Debug|Any CPU
		{5D9C1629-C9BD-4E4D-8015-E8EDA5DA8338}.Debug|Any CPU.Build.0 = Debug|Any CPU
		{5D9C1629-C9BD-4E4D-8015-E8EDA5DA8338}.Debug|x64.ActiveCfg = Debug|Any CPU
		{5D9C1629-C9BD-4E4D-8015-E8EDA5DA8338}.Debug|x64.Build.0 = Debug|Any CPU
		{5D9C1629-C9BD-4E4D-8015-E8EDA5DA8338}.Debug|x86.ActiveCfg = Debug|Any CPU
		{5D9C1629-C9BD-4E4D-8015-E8EDA5DA8338}.Debug|x86.Build.0 = Debug|Any CPU
		{5D9C1629-C9BD-4E4D-8015-E8EDA5DA8338}.Release|Any CPU.ActiveCfg = Release|Any CPU
		{5D9C1629-C9BD-4E4D-8015-E8EDA5DA8338}.Release|Any CPU.Build.0 = Release|Any CPU
		{5D9C1629-C9BD-4E4D-8015-E8EDA5DA8338}.Release|x64.ActiveCfg = Release|Any CPU
		{5D9C1629-C9BD-4E4D-8015-E8EDA5DA8338}.Release|x64.Build.0 = Release|Any CPU
		{5D9C1629-C9BD-4E4D-8015-E8EDA5DA8338}.Release|x86.ActiveCfg = Release|Any CPU
		{5D9C1629-C9BD-4E4D-8015-E8EDA5DA8338}.Release|x86.Build.0 = Release|Any CPU
		{242E1D52-9B11-4251-8EFA-E1A431E7556C}.Debug|Any CPU.ActiveCfg = Debug|Any CPU
		{242E1D52-9B11-4251-8EFA-E1A431E7556C}.Debug|Any CPU.Build.0 = Debug|Any CPU
		{242E1D52-9B11-4251-8EFA-E1A431E7556C}.Debug|x64.ActiveCfg = Debug|Any CPU
		{242E1D52-9B11-4251-8EFA-E1A431E7556C}.Debug|x64.Build.0 = Debug|Any CPU
		{242E1D52-9B11-4251-8EFA-E1A431E7556C}.Debug|x86.ActiveCfg = Debug|Any CPU
		{242E1D52-9B11-4251-8EFA-E1A431E7556C}.Debug|x86.Build.0 = Debug|Any CPU
		{242E1D52-9B11-4251-8EFA-E1A431E7556C}.Release|Any CPU.ActiveCfg = Release|Any CPU
		{242E1D52-9B11-4251-8EFA-E1A431E7556C}.Release|Any CPU.Build.0 = Release|Any CPU
		{242E1D52-9B11-4251-8EFA-E1A431E7556C}.Release|x64.ActiveCfg = Release|Any CPU
		{242E1D52-9B11-4251-8EFA-E1A431E7556C}.Release|x64.Build.0 = Release|Any CPU
		{242E1D52-9B11-4251-8EFA-E1A431E7556C}.Release|x86.ActiveCfg = Release|Any CPU
		{242E1D52-9B11-4251-8EFA-E1A431E7556C}.Release|x86.Build.0 = Release|Any CPU
		{A2D7EBDF-EDB9-4C1B-A841-DAFAE704814B}.Debug|Any CPU.ActiveCfg = Debug|Any CPU
		{A2D7EBDF-EDB9-4C1B-A841-DAFAE704814B}.Debug|Any CPU.Build.0 = Debug|Any CPU
		{A2D7EBDF-EDB9-4C1B-A841-DAFAE704814B}.Debug|x64.ActiveCfg = Debug|Any CPU
		{A2D7EBDF-EDB9-4C1B-A841-DAFAE704814B}.Debug|x64.Build.0 = Debug|Any CPU
		{A2D7EBDF-EDB9-4C1B-A841-DAFAE704814B}.Debug|x86.ActiveCfg = Debug|Any CPU
		{A2D7EBDF-EDB9-4C1B-A841-DAFAE704814B}.Debug|x86.Build.0 = Debug|Any CPU
		{A2D7EBDF-EDB9-4C1B-A841-DAFAE704814B}.Release|Any CPU.ActiveCfg = Release|Any CPU
		{A2D7EBDF-EDB9-4C1B-A841-DAFAE704814B}.Release|Any CPU.Build.0 = Release|Any CPU
		{A2D7EBDF-EDB9-4C1B-A841-DAFAE704814B}.Release|x64.ActiveCfg = Release|Any CPU
		{A2D7EBDF-EDB9-4C1B-A841-DAFAE704814B}.Release|x64.Build.0 = Release|Any CPU
		{A2D7EBDF-EDB9-4C1B-A841-DAFAE704814B}.Release|x86.ActiveCfg = Release|Any CPU
		{A2D7EBDF-EDB9-4C1B-A841-DAFAE704814B}.Release|x86.Build.0 = Release|Any CPU
		{8A67EE6F-0D8F-4896-B0AB-C2E51824CBB1}.Debug|Any CPU.ActiveCfg = Debug|Any CPU
		{8A67EE6F-0D8F-4896-B0AB-C2E51824CBB1}.Debug|Any CPU.Build.0 = Debug|Any CPU
		{8A67EE6F-0D8F-4896-B0AB-C2E51824CBB1}.Debug|x64.ActiveCfg = Debug|Any CPU
		{8A67EE6F-0D8F-4896-B0AB-C2E51824CBB1}.Debug|x64.Build.0 = Debug|Any CPU
		{8A67EE6F-0D8F-4896-B0AB-C2E51824CBB1}.Debug|x86.ActiveCfg = Debug|Any CPU
		{8A67EE6F-0D8F-4896-B0AB-C2E51824CBB1}.Debug|x86.Build.0 = Debug|Any CPU
		{8A67EE6F-0D8F-4896-B0AB-C2E51824CBB1}.Release|Any CPU.ActiveCfg = Release|Any CPU
		{8A67EE6F-0D8F-4896-B0AB-C2E51824CBB1}.Release|Any CPU.Build.0 = Release|Any CPU
		{8A67EE6F-0D8F-4896-B0AB-C2E51824CBB1}.Release|x64.ActiveCfg = Release|Any CPU
		{8A67EE6F-0D8F-4896-B0AB-C2E51824CBB1}.Release|x64.Build.0 = Release|Any CPU
		{8A67EE6F-0D8F-4896-B0AB-C2E51824CBB1}.Release|x86.ActiveCfg = Release|Any CPU
		{8A67EE6F-0D8F-4896-B0AB-C2E51824CBB1}.Release|x86.Build.0 = Release|Any CPU
		{4BB53AFE-3CEF-4E81-8F76-37427E17022F}.Debug|Any CPU.ActiveCfg = Debug|Any CPU
		{4BB53AFE-3CEF-4E81-8F76-37427E17022F}.Debug|Any CPU.Build.0 = Debug|Any CPU
		{4BB53AFE-3CEF-4E81-8F76-37427E17022F}.Debug|x64.ActiveCfg = Debug|Any CPU
		{4BB53AFE-3CEF-4E81-8F76-37427E17022F}.Debug|x64.Build.0 = Debug|Any CPU
		{4BB53AFE-3CEF-4E81-8F76-37427E17022F}.Debug|x86.ActiveCfg = Debug|Any CPU
		{4BB53AFE-3CEF-4E81-8F76-37427E17022F}.Debug|x86.Build.0 = Debug|Any CPU
		{4BB53AFE-3CEF-4E81-8F76-37427E17022F}.Release|Any CPU.ActiveCfg = Release|Any CPU
		{4BB53AFE-3CEF-4E81-8F76-37427E17022F}.Release|Any CPU.Build.0 = Release|Any CPU
		{4BB53AFE-3CEF-4E81-8F76-37427E17022F}.Release|x64.ActiveCfg = Release|Any CPU
		{4BB53AFE-3CEF-4E81-8F76-37427E17022F}.Release|x64.Build.0 = Release|Any CPU
		{4BB53AFE-3CEF-4E81-8F76-37427E17022F}.Release|x86.ActiveCfg = Release|Any CPU
		{4BB53AFE-3CEF-4E81-8F76-37427E17022F}.Release|x86.Build.0 = Release|Any CPU
		{6A4C4406-95A2-47ED-98B3-A9940934D50C}.Debug|Any CPU.ActiveCfg = Debug|Any CPU
		{6A4C4406-95A2-47ED-98B3-A9940934D50C}.Debug|Any CPU.Build.0 = Debug|Any CPU
		{6A4C4406-95A2-47ED-98B3-A9940934D50C}.Debug|x64.ActiveCfg = Debug|Any CPU
		{6A4C4406-95A2-47ED-98B3-A9940934D50C}.Debug|x64.Build.0 = Debug|Any CPU
		{6A4C4406-95A2-47ED-98B3-A9940934D50C}.Debug|x86.ActiveCfg = Debug|Any CPU
		{6A4C4406-95A2-47ED-98B3-A9940934D50C}.Debug|x86.Build.0 = Debug|Any CPU
		{6A4C4406-95A2-47ED-98B3-A9940934D50C}.Release|Any CPU.ActiveCfg = Release|Any CPU
		{6A4C4406-95A2-47ED-98B3-A9940934D50C}.Release|Any CPU.Build.0 = Release|Any CPU
		{6A4C4406-95A2-47ED-98B3-A9940934D50C}.Release|x64.ActiveCfg = Release|Any CPU
		{6A4C4406-95A2-47ED-98B3-A9940934D50C}.Release|x64.Build.0 = Release|Any CPU
		{6A4C4406-95A2-47ED-98B3-A9940934D50C}.Release|x86.ActiveCfg = Release|Any CPU
		{6A4C4406-95A2-47ED-98B3-A9940934D50C}.Release|x86.Build.0 = Release|Any CPU
		{A1982144-29A8-4B03-A789-F01D91A5E2C5}.Debug|Any CPU.ActiveCfg = Debug|Any CPU
		{A1982144-29A8-4B03-A789-F01D91A5E2C5}.Debug|Any CPU.Build.0 = Debug|Any CPU
		{A1982144-29A8-4B03-A789-F01D91A5E2C5}.Debug|x64.ActiveCfg = Debug|Any CPU
		{A1982144-29A8-4B03-A789-F01D91A5E2C5}.Debug|x64.Build.0 = Debug|Any CPU
		{A1982144-29A8-4B03-A789-F01D91A5E2C5}.Debug|x86.ActiveCfg = Debug|Any CPU
		{A1982144-29A8-4B03-A789-F01D91A5E2C5}.Debug|x86.Build.0 = Debug|Any CPU
		{A1982144-29A8-4B03-A789-F01D91A5E2C5}.Release|Any CPU.ActiveCfg = Release|Any CPU
		{A1982144-29A8-4B03-A789-F01D91A5E2C5}.Release|Any CPU.Build.0 = Release|Any CPU
		{A1982144-29A8-4B03-A789-F01D91A5E2C5}.Release|x64.ActiveCfg = Release|Any CPU
		{A1982144-29A8-4B03-A789-F01D91A5E2C5}.Release|x64.Build.0 = Release|Any CPU
		{A1982144-29A8-4B03-A789-F01D91A5E2C5}.Release|x86.ActiveCfg = Release|Any CPU
		{A1982144-29A8-4B03-A789-F01D91A5E2C5}.Release|x86.Build.0 = Release|Any CPU
		{DED7A24B-16DE-4067-80A5-12F87713B9CA}.Debug|Any CPU.ActiveCfg = Debug|Any CPU
		{DED7A24B-16DE-4067-80A5-12F87713B9CA}.Debug|Any CPU.Build.0 = Debug|Any CPU
		{DED7A24B-16DE-4067-80A5-12F87713B9CA}.Debug|x64.ActiveCfg = Debug|Any CPU
		{DED7A24B-16DE-4067-80A5-12F87713B9CA}.Debug|x64.Build.0 = Debug|Any CPU
		{DED7A24B-16DE-4067-80A5-12F87713B9CA}.Debug|x86.ActiveCfg = Debug|Any CPU
		{DED7A24B-16DE-4067-80A5-12F87713B9CA}.Debug|x86.Build.0 = Debug|Any CPU
		{DED7A24B-16DE-4067-80A5-12F87713B9CA}.Release|Any CPU.ActiveCfg = Release|Any CPU
		{DED7A24B-16DE-4067-80A5-12F87713B9CA}.Release|Any CPU.Build.0 = Release|Any CPU
		{DED7A24B-16DE-4067-80A5-12F87713B9CA}.Release|x64.ActiveCfg = Release|Any CPU
		{DED7A24B-16DE-4067-80A5-12F87713B9CA}.Release|x64.Build.0 = Release|Any CPU
		{DED7A24B-16DE-4067-80A5-12F87713B9CA}.Release|x86.ActiveCfg = Release|Any CPU
		{DED7A24B-16DE-4067-80A5-12F87713B9CA}.Release|x86.Build.0 = Release|Any CPU
		{75836DF8-B748-44BA-B8A7-8E730E26AF6F}.Debug|Any CPU.ActiveCfg = Debug|Any CPU
		{75836DF8-B748-44BA-B8A7-8E730E26AF6F}.Debug|Any CPU.Build.0 = Debug|Any CPU
		{75836DF8-B748-44BA-B8A7-8E730E26AF6F}.Debug|x64.ActiveCfg = Debug|Any CPU
		{75836DF8-B748-44BA-B8A7-8E730E26AF6F}.Debug|x64.Build.0 = Debug|Any CPU
		{75836DF8-B748-44BA-B8A7-8E730E26AF6F}.Debug|x86.ActiveCfg = Debug|Any CPU
		{75836DF8-B748-44BA-B8A7-8E730E26AF6F}.Debug|x86.Build.0 = Debug|Any CPU
		{75836DF8-B748-44BA-B8A7-8E730E26AF6F}.Release|Any CPU.ActiveCfg = Release|Any CPU
		{75836DF8-B748-44BA-B8A7-8E730E26AF6F}.Release|Any CPU.Build.0 = Release|Any CPU
		{75836DF8-B748-44BA-B8A7-8E730E26AF6F}.Release|x64.ActiveCfg = Release|Any CPU
		{75836DF8-B748-44BA-B8A7-8E730E26AF6F}.Release|x64.Build.0 = Release|Any CPU
		{75836DF8-B748-44BA-B8A7-8E730E26AF6F}.Release|x86.ActiveCfg = Release|Any CPU
		{75836DF8-B748-44BA-B8A7-8E730E26AF6F}.Release|x86.Build.0 = Release|Any CPU
		{E40B480D-D0CE-43F3-9CF6-57BA734413DA}.Debug|Any CPU.ActiveCfg = Debug|Any CPU
		{E40B480D-D0CE-43F3-9CF6-57BA734413DA}.Debug|Any CPU.Build.0 = Debug|Any CPU
		{E40B480D-D0CE-43F3-9CF6-57BA734413DA}.Debug|x64.ActiveCfg = Debug|Any CPU
		{E40B480D-D0CE-43F3-9CF6-57BA734413DA}.Debug|x64.Build.0 = Debug|Any CPU
		{E40B480D-D0CE-43F3-9CF6-57BA734413DA}.Debug|x86.ActiveCfg = Debug|Any CPU
		{E40B480D-D0CE-43F3-9CF6-57BA734413DA}.Debug|x86.Build.0 = Debug|Any CPU
		{E40B480D-D0CE-43F3-9CF6-57BA734413DA}.Release|Any CPU.ActiveCfg = Release|Any CPU
		{E40B480D-D0CE-43F3-9CF6-57BA734413DA}.Release|Any CPU.Build.0 = Release|Any CPU
		{E40B480D-D0CE-43F3-9CF6-57BA734413DA}.Release|x64.ActiveCfg = Release|Any CPU
		{E40B480D-D0CE-43F3-9CF6-57BA734413DA}.Release|x64.Build.0 = Release|Any CPU
		{E40B480D-D0CE-43F3-9CF6-57BA734413DA}.Release|x86.ActiveCfg = Release|Any CPU
		{E40B480D-D0CE-43F3-9CF6-57BA734413DA}.Release|x86.Build.0 = Release|Any CPU
		{EA097A9B-A9C6-4F5D-97F2-6577E2E0F726}.Debug|Any CPU.ActiveCfg = Debug|Any CPU
		{EA097A9B-A9C6-4F5D-97F2-6577E2E0F726}.Debug|Any CPU.Build.0 = Debug|Any CPU
		{EA097A9B-A9C6-4F5D-97F2-6577E2E0F726}.Debug|x64.ActiveCfg = Debug|Any CPU
		{EA097A9B-A9C6-4F5D-97F2-6577E2E0F726}.Debug|x64.Build.0 = Debug|Any CPU
		{EA097A9B-A9C6-4F5D-97F2-6577E2E0F726}.Debug|x86.ActiveCfg = Debug|Any CPU
		{EA097A9B-A9C6-4F5D-97F2-6577E2E0F726}.Debug|x86.Build.0 = Debug|Any CPU
		{EA097A9B-A9C6-4F5D-97F2-6577E2E0F726}.Release|Any CPU.ActiveCfg = Release|Any CPU
		{EA097A9B-A9C6-4F5D-97F2-6577E2E0F726}.Release|Any CPU.Build.0 = Release|Any CPU
		{EA097A9B-A9C6-4F5D-97F2-6577E2E0F726}.Release|x64.ActiveCfg = Release|Any CPU
		{EA097A9B-A9C6-4F5D-97F2-6577E2E0F726}.Release|x64.Build.0 = Release|Any CPU
		{EA097A9B-A9C6-4F5D-97F2-6577E2E0F726}.Release|x86.ActiveCfg = Release|Any CPU
		{EA097A9B-A9C6-4F5D-97F2-6577E2E0F726}.Release|x86.Build.0 = Release|Any CPU
		{129CA4B9-1AE2-4FB8-9F1A-1537FEFBBC7C}.Debug|Any CPU.ActiveCfg = Debug|Any CPU
		{129CA4B9-1AE2-4FB8-9F1A-1537FEFBBC7C}.Debug|Any CPU.Build.0 = Debug|Any CPU
		{129CA4B9-1AE2-4FB8-9F1A-1537FEFBBC7C}.Debug|x64.ActiveCfg = Debug|Any CPU
		{129CA4B9-1AE2-4FB8-9F1A-1537FEFBBC7C}.Debug|x64.Build.0 = Debug|Any CPU
		{129CA4B9-1AE2-4FB8-9F1A-1537FEFBBC7C}.Debug|x86.ActiveCfg = Debug|Any CPU
		{129CA4B9-1AE2-4FB8-9F1A-1537FEFBBC7C}.Debug|x86.Build.0 = Debug|Any CPU
		{129CA4B9-1AE2-4FB8-9F1A-1537FEFBBC7C}.Release|Any CPU.ActiveCfg = Release|Any CPU
		{129CA4B9-1AE2-4FB8-9F1A-1537FEFBBC7C}.Release|Any CPU.Build.0 = Release|Any CPU
		{129CA4B9-1AE2-4FB8-9F1A-1537FEFBBC7C}.Release|x64.ActiveCfg = Release|Any CPU
		{129CA4B9-1AE2-4FB8-9F1A-1537FEFBBC7C}.Release|x64.Build.0 = Release|Any CPU
		{129CA4B9-1AE2-4FB8-9F1A-1537FEFBBC7C}.Release|x86.ActiveCfg = Release|Any CPU
		{129CA4B9-1AE2-4FB8-9F1A-1537FEFBBC7C}.Release|x86.Build.0 = Release|Any CPU
		{D4BDEF91-36EA-44C8-88E4-3366EC626E43}.Debug|Any CPU.ActiveCfg = Debug|x64
		{D4BDEF91-36EA-44C8-88E4-3366EC626E43}.Debug|Any CPU.Build.0 = Debug|x64
		{D4BDEF91-36EA-44C8-88E4-3366EC626E43}.Debug|x64.ActiveCfg = Debug|x64
		{D4BDEF91-36EA-44C8-88E4-3366EC626E43}.Debug|x64.Build.0 = Debug|x64
		{D4BDEF91-36EA-44C8-88E4-3366EC626E43}.Debug|x86.ActiveCfg = Debug|x64
		{D4BDEF91-36EA-44C8-88E4-3366EC626E43}.Debug|x86.Build.0 = Debug|x64
		{D4BDEF91-36EA-44C8-88E4-3366EC626E43}.Release|Any CPU.ActiveCfg = Release|x64
		{D4BDEF91-36EA-44C8-88E4-3366EC626E43}.Release|Any CPU.Build.0 = Release|x64
		{D4BDEF91-36EA-44C8-88E4-3366EC626E43}.Release|x64.ActiveCfg = Release|x64
		{D4BDEF91-36EA-44C8-88E4-3366EC626E43}.Release|x64.Build.0 = Release|x64
		{D4BDEF91-36EA-44C8-88E4-3366EC626E43}.Release|x86.ActiveCfg = Release|x64
		{D4BDEF91-36EA-44C8-88E4-3366EC626E43}.Release|x86.Build.0 = Release|x64
		{8F167BD0-FFC8-4A45-9080-DD64372EBF92}.Debug|Any CPU.ActiveCfg = Debug|Any CPU
		{8F167BD0-FFC8-4A45-9080-DD64372EBF92}.Debug|Any CPU.Build.0 = Debug|Any CPU
		{8F167BD0-FFC8-4A45-9080-DD64372EBF92}.Debug|x64.ActiveCfg = Debug|Any CPU
		{8F167BD0-FFC8-4A45-9080-DD64372EBF92}.Debug|x64.Build.0 = Debug|Any CPU
		{8F167BD0-FFC8-4A45-9080-DD64372EBF92}.Debug|x86.ActiveCfg = Debug|Any CPU
		{8F167BD0-FFC8-4A45-9080-DD64372EBF92}.Debug|x86.Build.0 = Debug|Any CPU
		{8F167BD0-FFC8-4A45-9080-DD64372EBF92}.Release|Any CPU.ActiveCfg = Release|Any CPU
		{8F167BD0-FFC8-4A45-9080-DD64372EBF92}.Release|Any CPU.Build.0 = Release|Any CPU
		{8F167BD0-FFC8-4A45-9080-DD64372EBF92}.Release|x64.ActiveCfg = Release|Any CPU
		{8F167BD0-FFC8-4A45-9080-DD64372EBF92}.Release|x64.Build.0 = Release|Any CPU
		{8F167BD0-FFC8-4A45-9080-DD64372EBF92}.Release|x86.ActiveCfg = Release|Any CPU
		{8F167BD0-FFC8-4A45-9080-DD64372EBF92}.Release|x86.Build.0 = Release|Any CPU
	EndGlobalSection
	GlobalSection(SolutionProperties) = preSolution
		HideSolutionNode = FALSE
	EndGlobalSection
	GlobalSection(NestedProjects) = preSolution
		{501FFB59-A64B-4C32-B3A2-347F9C263615} = {8A792252-8CEE-F639-D9C8-58B9FA7F5057}
		{CDECA003-26E3-4435-AE15-AE452BBEC862} = {D24C0BCC-E232-80CC-465B-9759E0BF6EC6}
		{242E1D52-9B11-4251-8EFA-E1A431E7556C} = {ED24133C-67BB-D73E-43C4-A70982353975}
	EndGlobalSection
EndGlobal
